
Microsoft Visual Studio Solution File, Format Version 12.00
# Visual Studio Version 16
VisualStudioVersion = 16.0.31005.135
MinimumVisualStudioVersion = 10.0.40219.1
Project("{FAE04EC0-301F-11D3-BF4B-00C04F79EFBC}") = "EAAutoFramework", "EATestProject\EAAutoFramework.csproj", "{02608F14-CE38-4C47-83F0-FDB424CB35A9}"
EndProject
Project("{FAE04EC0-301F-11D3-BF4B-00C04F79EFBC}") = "EAEmployeeTest", "EAEmployeeTest\EAEmployeeTest.csproj", "{08990B6E-3E74-42A3-AD92-E3EC1F458D2E}"
EndProject
Global
	GlobalSection(SolutionConfigurationPlatforms) = preSolution
		Debug|Any CPU = Debug|Any CPU
		Release|Any CPU = Release|Any CPU
	EndGlobalSection
	GlobalSection(ProjectConfigurationPlatforms) = postSolution
		{02608F14-CE38-4C47-83F0-FDB424CB35A9}.Debug|Any CPU.ActiveCfg = Debug|Any CPU
		{02608F14-CE38-4C47-83F0-FDB424CB35A9}.Debug|Any CPU.Build.0 = Debug|Any CPU
		{02608F14-CE38-4C47-83F0-FDB424CB35A9}.Release|Any CPU.ActiveCfg = Release|Any CPU
		{02608F14-CE38-4C47-83F0-FDB424CB35A9}.Release|Any CPU.Build.0 = Release|Any CPU
		{08990B6E-3E74-42A3-AD92-E3EC1F458D2E}.Debug|Any CPU.ActiveCfg = Debug|Any CPU
		{08990B6E-3E74-42A3-AD92-E3EC1F458D2E}.Debug|Any CPU.Build.0 = Debug|Any CPU
		{08990B6E-3E74-42A3-AD92-E3EC1F458D2E}.Release|Any CPU.ActiveCfg = Release|Any CPU
		{08990B6E-3E74-42A3-AD92-E3EC1F458D2E}.Release|Any CPU.Build.0 = Release|Any CPU
	EndGlobalSection
	GlobalSection(SolutionProperties) = preSolution
		HideSolutionNode = FALSE
	EndGlobalSection
	GlobalSection(ExtensibilityGlobals) = postSolution
		SolutionGuid = {C3449074-596C-49A1-BA92-A5D29380EF1E}
	EndGlobalSection
EndGlobal
